
Microsoft Visual Studio Solution File, Format Version 12.00
# Visual Studio Version 17
VisualStudioVersion = 17.6.33723.286
MinimumVisualStudioVersion = 10.0.40219.1
Project("{FAE04EC0-301F-11D3-BF4B-00C04F79EFBC}") = "usb", "usb.csproj", "{CA19964C-52D1-45C1-B80D-1E605B91B612}"
EndProject
Global
	GlobalSection(SolutionConfigurationPlatforms) = preSolution
		Debug|Any CPU = Debug|Any CPU
		Release|Any CPU = Release|Any CPU
	EndGlobalSection
	GlobalSection(ProjectConfigurationPlatforms) = postSolution
		{CA19964C-52D1-45C1-B80D-1E605B91B612}.Debug|Any CPU.ActiveCfg = Debug|Any CPU
		{CA19964C-52D1-45C1-B80D-1E605B91B612}.Debug|Any CPU.Build.0 = Debug|Any CPU
		{CA19964C-52D1-45C1-B80D-1E605B91B612}.Release|Any CPU.ActiveCfg = Release|Any CPU
		{CA19964C-52D1-45C1-B80D-1E605B91B612}.Release|Any CPU.Build.0 = Release|Any CPU
	EndGlobalSection
	GlobalSection(SolutionProperties) = preSolution
		HideSolutionNode = FALSE
	EndGlobalSection
	GlobalSection(ExtensibilityGlobals) = postSolution
		SolutionGuid = {FEBA559F-8F76-49C3-8646-BB5585B0F3D9}
	EndGlobalSection
EndGlobal
